{
  "name": "4x-dev",
  "lockfileVersion": 3,
  "requires": true,
  "packages": {
    "": {
      "dependencies": {
        "@huggingface/inference": "^3.5.1"
      }
    },
    "node_modules/@huggingface/inference": {
      "version": "3.5.1",
      "resolved": "https://registry.npmjs.org/@huggingface/inference/-/inference-3.5.1.tgz",
      "integrity": "sha512-NwTj5MS1eb4HfSp/O1/PyH1bEhTXl/iFh/K+8yYkUTHtK4AHXi/NDsV2LblhACaTEIhpOpYswL9cZx7z3y1tlg==",
      "license": "MIT",
      "dependencies": {
        "@huggingface/tasks": "^0.17.0"
      },
      "engines": {
        "node": ">=18"
      }
    },
    "node_modules/@huggingface/tasks": {
      "version": "0.17.2",
      "resolved": "https://registry.npmjs.org/@huggingface/tasks/-/tasks-0.17.2.tgz",
      "integrity": "sha512-0mVDKztZVdmBmkmEOQBgoR4lXpuQVmWsRmEHoS4LZ2yuYyBlyv87hqftAGzUuX87uXeczmsqxXznTuxsNMFoRg==",
      "license": "MIT"
    }
  }
}
